
Microsoft Visual Studio Solution File, Format Version 12.00
# Visual Studio 2012
Project("{8BC9CEB8-8B4A-11D0-8D11-00A0C91BC942}") = "hsflowd", "hsflowd\hsflowd.vcxproj", "{DF6953FB-36FC-2D9E-C8AD-027370637B93}"
EndProject
Project("{8BC9CEB8-8B4A-11D0-8D11-00A0C91BC942}") = "installer", "installer\installer.vcxproj", "{9E50D21F-CB47-4871-AF2C-1D557A7DC075}"
	ProjectSection(ProjectDependencies) = postProject
		{8D65F824-868E-4B10-B567-4258149F49B8} = {8D65F824-868E-4B10-B567-4258149F49B8}
		{DF6953FB-36FC-2D9E-C8AD-027370637B93} = {DF6953FB-36FC-2D9E-C8AD-027370637B93}
	EndProjectSection
EndProject
Project("{8BC9CEB8-8B4A-11D0-8D11-00A0C91BC942}") = "installHelper", "installHelper\installHelper.vcxproj", "{8D65F824-868E-4B10-B567-4258149F49B8}"
EndProject
Global
	GlobalSection(SubversionScc) = preSolution
		Manager = AnkhSVN - Subversion Support for Visual Studio
		Svn-Managed = True
	EndGlobalSection
	GlobalSection(SolutionConfigurationPlatforms) = preSolution
		win-debug|Win32 = win-debug|Win32
		win|Win32 = win|Win32
	EndGlobalSection
	GlobalSection(ProjectConfigurationPlatforms) = postSolution
		{8D65F824-868E-4B10-B567-4258149F49B8}.win-debug|Win32.ActiveCfg = Debug|Win32
		{8D65F824-868E-4B10-B567-4258149F49B8}.win-debug|Win32.Build.0 = Debug|Win32
		{8D65F824-868E-4B10-B567-4258149F49B8}.win|Win32.ActiveCfg = Release|Win32
		{8D65F824-868E-4B10-B567-4258149F49B8}.win|Win32.Build.0 = Release|Win32
		{9E50D21F-CB47-4871-AF2C-1D557A7DC075}.win-debug|Win32.ActiveCfg = winxp-debug|Win32
		{9E50D21F-CB47-4871-AF2C-1D557A7DC075}.win-debug|Win32.Build.0 = winxp-debug|Win32
		{9E50D21F-CB47-4871-AF2C-1D557A7DC075}.win|Win32.ActiveCfg = winxp|Win32
		{9E50D21F-CB47-4871-AF2C-1D557A7DC075}.win|Win32.Build.0 = winxp|Win32
		{DF6953FB-36FC-2D9E-C8AD-027370637B93}.win-debug|Win32.ActiveCfg = Debug|Win32
		{DF6953FB-36FC-2D9E-C8AD-027370637B93}.win-debug|Win32.Build.0 = Debug|Win32
		{DF6953FB-36FC-2D9E-C8AD-027370637B93}.win|Win32.ActiveCfg = Release|Win32
		{DF6953FB-36FC-2D9E-C8AD-027370637B93}.win|Win32.Build.0 = Release|Win32
	EndGlobalSection
	GlobalSection(SolutionProperties) = preSolution
		HideSolutionNode = FALSE
	EndGlobalSection
EndGlobal
